
Microsoft Visual Studio Solution File, Format Version 12.00
# Visual Studio Version 16
VisualStudioVersion = 16.0.30309.148
MinimumVisualStudioVersion = 10.0.40219.1
Project("{9A19103F-16F7-4668-BE54-9A1E7A4F7556}") = "IncomeTaxCalculation", "IncomeTaxCalculation\IncomeTaxCalculation.csproj", "{C796791A-03EA-4782-A40D-1C57C332125F}"
EndProject
Project("{FAE04EC0-301F-11D3-BF4B-00C04F79EFBC}") = "IncomeTaxTest", "IncomeTaxTest\IncomeTaxTest.csproj", "{C4B86AD4-9EC8-4474-BFD8-3A71B6406BFA}"
EndProject
Global
	GlobalSection(SolutionConfigurationPlatforms) = preSolution
		Debug|Any CPU = Debug|Any CPU
		Release|Any CPU = Release|Any CPU
	EndGlobalSection
	GlobalSection(ProjectConfigurationPlatforms) = postSolution
		{C796791A-03EA-4782-A40D-1C57C332125F}.Debug|Any CPU.ActiveCfg = Debug|Any CPU
		{C796791A-03EA-4782-A40D-1C57C332125F}.Debug|Any CPU.Build.0 = Debug|Any CPU
		{C796791A-03EA-4782-A40D-1C57C332125F}.Release|Any CPU.ActiveCfg = Release|Any CPU
		{C796791A-03EA-4782-A40D-1C57C332125F}.Release|Any CPU.Build.0 = Release|Any CPU
		{C4B86AD4-9EC8-4474-BFD8-3A71B6406BFA}.Debug|Any CPU.ActiveCfg = Debug|Any CPU
		{C4B86AD4-9EC8-4474-BFD8-3A71B6406BFA}.Debug|Any CPU.Build.0 = Debug|Any CPU
		{C4B86AD4-9EC8-4474-BFD8-3A71B6406BFA}.Release|Any CPU.ActiveCfg = Release|Any CPU
		{C4B86AD4-9EC8-4474-BFD8-3A71B6406BFA}.Release|Any CPU.Build.0 = Release|Any CPU
	EndGlobalSection
	GlobalSection(SolutionProperties) = preSolution
		HideSolutionNode = FALSE
	EndGlobalSection
	GlobalSection(ExtensibilityGlobals) = postSolution
		SolutionGuid = {98007877-06FC-468D-BA41-C42A122DADB7}
	EndGlobalSection
EndGlobal
